
Microsoft Visual Studio Solution File, Format Version 12.00
# Visual Studio Version 17
VisualStudioVersion = 17.3.32411.231
MinimumVisualStudioVersion = 10.0.40219.1
Project("{9A19103F-16F7-4668-BE54-9A1E7A4F7556}") = "WebApplication12", "WebApplication12\WebApplication12.csproj", "{40DADF52-6873-4B15-B164-30898CB60497}"
EndProject
Project("{9A19103F-16F7-4668-BE54-9A1E7A4F7556}") = "ConsoleApp1", "..\ConsoleApp2037\ConsoleApp1\ConsoleApp1.csproj", "{895ABC65-6060-46A6-954D-1935CC95C63D}"
EndProject
Global
	GlobalSection(SolutionConfigurationPlatforms) = preSolution
		Debug|Any CPU = Debug|Any CPU
		Release|Any CPU = Release|Any CPU
	EndGlobalSection
	GlobalSection(ProjectConfigurationPlatforms) = postSolution
		{40DADF52-6873-4B15-B164-30898CB60497}.Debug|Any CPU.ActiveCfg = Debug|Any CPU
		{40DADF52-6873-4B15-B164-30898CB60497}.Debug|Any CPU.Build.0 = Debug|Any CPU
		{40DADF52-6873-4B15-B164-30898CB60497}.Release|Any CPU.ActiveCfg = Release|Any CPU
		{40DADF52-6873-4B15-B164-30898CB60497}.Release|Any CPU.Build.0 = Release|Any CPU
		{895ABC65-6060-46A6-954D-1935CC95C63D}.Debug|Any CPU.ActiveCfg = Debug|Any CPU
		{895ABC65-6060-46A6-954D-1935CC95C63D}.Debug|Any CPU.Build.0 = Debug|Any CPU
		{895ABC65-6060-46A6-954D-1935CC95C63D}.Release|Any CPU.ActiveCfg = Release|Any CPU
		{895ABC65-6060-46A6-954D-1935CC95C63D}.Release|Any CPU.Build.0 = Release|Any CPU
	EndGlobalSection
	GlobalSection(SolutionProperties) = preSolution
		HideSolutionNode = FALSE
	EndGlobalSection
	GlobalSection(ExtensibilityGlobals) = postSolution
		SolutionGuid = {449521B6-708D-43DB-BA28-8D02EA7FD720}
	EndGlobalSection
EndGlobal
